
Microsoft Visual Studio Solution File, Format Version 12.00
# Visual Studio Version 16
VisualStudioVersion = 16.0.31019.35
MinimumVisualStudioVersion = 10.0.40219.1
Project("{FAE04EC0-301F-11D3-BF4B-00C04F79EFBC}") = "ProblemSolvings", "ConsoleApp1\ProblemSolvings.csproj", "{BA1167C3-FF43-4C5E-81D6-4DB2C2051D98}"
EndProject
Global
	GlobalSection(SolutionConfigurationPlatforms) = preSolution
		Debug|Any CPU = Debug|Any CPU
		Release|Any CPU = Release|Any CPU
	EndGlobalSection
	GlobalSection(ProjectConfigurationPlatforms) = postSolution
		{BA1167C3-FF43-4C5E-81D6-4DB2C2051D98}.Debug|Any CPU.ActiveCfg = Debug|Any CPU
		{BA1167C3-FF43-4C5E-81D6-4DB2C2051D98}.Debug|Any CPU.Build.0 = Debug|Any CPU
		{BA1167C3-FF43-4C5E-81D6-4DB2C2051D98}.Release|Any CPU.ActiveCfg = Release|Any CPU
		{BA1167C3-FF43-4C5E-81D6-4DB2C2051D98}.Release|Any CPU.Build.0 = Release|Any CPU
	EndGlobalSection
	GlobalSection(SolutionProperties) = preSolution
		HideSolutionNode = FALSE
	EndGlobalSection
	GlobalSection(ExtensibilityGlobals) = postSolution
		SolutionGuid = {E4BABB2B-44B2-4C65-9D16-AE3C07AE1846}
	EndGlobalSection
EndGlobal
